// !$*UTF8*$!
{
	archiveVersion = 1;
	classes = {
	};
	objectVersion = 50;
	objects = {

/* Begin PBXBuildFile section */
		6F0864832228504B00F5C415 /* PostCollectionViewCell.swift in Sources */ = {isa = PBXBuildFile; fileRef = 6F0864822228504B00F5C415 /* PostCollectionViewCell.swift */; };
		6F08648C2228A93200F5C415 /* AboutCollectionViewCell.swift in Sources */ = {isa = PBXBuildFile; fileRef = 6F08648B2228A93200F5C415 /* AboutCollectionViewCell.swift */; };
		6F08648E2228A94500F5C415 /* AboutCollectionViewController.swift in Sources */ = {isa = PBXBuildFile; fileRef = 6F08648D2228A94500F5C415 /* AboutCollectionViewController.swift */; };
		6F2E2BF921EE55C60019AD4E /* HomeCell.swift in Sources */ = {isa = PBXBuildFile; fileRef = 6F2E2BF821EE55C60019AD4E /* HomeCell.swift */; };
		6F2E2BFB21EE75AC0019AD4E /* DetailsCell.swift in Sources */ = {isa = PBXBuildFile; fileRef = 6F2E2BFA21EE75AC0019AD4E /* DetailsCell.swift */; };
		6F59803B2227AEE70093FF60 /* ResultsCell.swift in Sources */ = {isa = PBXBuildFile; fileRef = 6F5980382227AEE60093FF60 /* ResultsCell.swift */; };
		6F59803E2227BCF00093FF60 /* ResultsModel.swift in Sources */ = {isa = PBXBuildFile; fileRef = 6F59803D2227BCF00093FF60 /* ResultsModel.swift */; };
		6F5980402227BD110093FF60 /* ResultsController.swift in Sources */ = {isa = PBXBuildFile; fileRef = 6F59803F2227BD110093FF60 /* ResultsController.swift */; };
		6F5980422227BD2E0093FF60 /* ResultsController.swift in Sources */ = {isa = PBXBuildFile; fileRef = 6F5980412227BD2E0093FF60 /* ResultsController.swift */; };
		6F5980442227BD3C0093FF60 /* ResultsCell.swift in Sources */ = {isa = PBXBuildFile; fileRef = 6F5980432227BD3C0093FF60 /* ResultsCell.swift */; };
		AA6AEBB517B826AB4AD62383 /* Pods_Revels.framework in Frameworks */ = {isa = PBXBuildFile; fileRef = AF23DC55C171C0D5D2F15F5E /* Pods_Revels.framework */; };
		B218149B220318F600709C27 /* Model.swift in Sources */ = {isa = PBXBuildFile; fileRef = B218149A220318F600709C27 /* Model.swift */; };
		B23AFC2021E9D5D200DAF0DD /* EventCell.swift in Sources */ = {isa = PBXBuildFile; fileRef = B23AFC1F21E9D5D200DAF0DD /* EventCell.swift */; };
		B23AFC2221EA01E500DAF0DD /* MainTabBarController.swift in Sources */ = {isa = PBXBuildFile; fileRef = B23AFC2121EA01E500DAF0DD /* MainTabBarController.swift */; };
		B2516B7722279457008AA097 /* TypeController.swift in Sources */ = {isa = PBXBuildFile; fileRef = B2516B6C22279457008AA097 /* TypeController.swift */; };
		B2516B7822279457008AA097 /* CategoryController.swift in Sources */ = {isa = PBXBuildFile; fileRef = B2516B6D22279457008AA097 /* CategoryController.swift */; };
		B2516B7922279457008AA097 /* EventsController.swift in Sources */ = {isa = PBXBuildFile; fileRef = B2516B6E22279457008AA097 /* EventsController.swift */; };
		B2516B7A22279457008AA097 /* ModelCategory.swift in Sources */ = {isa = PBXBuildFile; fileRef = B2516B7022279457008AA097 /* ModelCategory.swift */; };
		B2516B7D22279457008AA097 /* EventTableViewCell.swift in Sources */ = {isa = PBXBuildFile; fileRef = B2516B7422279457008AA097 /* EventTableViewCell.swift */; };
		B2516B7E22279457008AA097 /* TypeCell.swift in Sources */ = {isa = PBXBuildFile; fileRef = B2516B7522279457008AA097 /* TypeCell.swift */; };
		B2516B7F22279457008AA097 /* CategoryTableViewCell.swift in Sources */ = {isa = PBXBuildFile; fileRef = B2516B7622279457008AA097 /* CategoryTableViewCell.swift */; };
		B2516B81222794CF008AA097 /* LoadingOverlay.swift in Sources */ = {isa = PBXBuildFile; fileRef = B2516B80222794CF008AA097 /* LoadingOverlay.swift */; };
		B2516B8522279B65008AA097 /* bubble.json in Resources */ = {isa = PBXBuildFile; fileRef = B2516B8422279B65008AA097 /* bubble.json */; };
		B2516B872227A04A008AA097 /* MyEventsTableViewController.swift in Sources */ = {isa = PBXBuildFile; fileRef = B2516B862227A04A008AA097 /* MyEventsTableViewController.swift */; };
		B264640E21F21A71008A6C3C /* HeaderView.swift in Sources */ = {isa = PBXBuildFile; fileRef = B264640D21F21A71008A6C3C /* HeaderView.swift */; };
		B264641021F21A81008A6C3C /* Extensions+UIView.swift in Sources */ = {isa = PBXBuildFile; fileRef = B264640F21F21A81008A6C3C /* Extensions+UIView.swift */; };
		B264641221F21B89008A6C3C /* StetchyHeaderLayout.swift in Sources */ = {isa = PBXBuildFile; fileRef = B264641121F21B88008A6C3C /* StetchyHeaderLayout.swift */; };
		B275F70D21CA1DFA000491ED /* AppDelegate.swift in Sources */ = {isa = PBXBuildFile; fileRef = B275F70C21CA1DFA000491ED /* AppDelegate.swift */; };
		B275F71421CA1DFB000491ED /* Assets.xcassets in Resources */ = {isa = PBXBuildFile; fileRef = B275F71321CA1DFB000491ED /* Assets.xcassets */; };
		B275F71721CA1DFB000491ED /* LaunchScreen.storyboard in Resources */ = {isa = PBXBuildFile; fileRef = B275F71521CA1DFB000491ED /* LaunchScreen.storyboard */; };
		B2C0F93821CB7CE100E4550C /* MainCell.swift in Sources */ = {isa = PBXBuildFile; fileRef = B2C0F93321CB7CE000E4550C /* MainCell.swift */; };
		B2C0F93921CB7CE100E4550C /* MenuCell.swift in Sources */ = {isa = PBXBuildFile; fileRef = B2C0F93421CB7CE000E4550C /* MenuCell.swift */; };
		B2C0F93A21CB7CE100E4550C /* MenuController.swift in Sources */ = {isa = PBXBuildFile; fileRef = B2C0F93521CB7CE000E4550C /* MenuController.swift */; };
		B2C0F93C21CB7CE100E4550C /* ScheduleController.swift in Sources */ = {isa = PBXBuildFile; fileRef = B2C0F93721CB7CE100E4550C /* ScheduleController.swift */; };
		B2CE700D22261FD5006828B9 /* LoaderTVCell.swift in Sources */ = {isa = PBXBuildFile; fileRef = B2CE700C22261FD4006828B9 /* LoaderTVCell.swift */; };
		B2CE700F22261FFC006828B9 /* l3.json in Resources */ = {isa = PBXBuildFile; fileRef = B2CE700E22261FFB006828B9 /* l3.json */; };
		B2CE7011222633F7006828B9 /* a1.json in Resources */ = {isa = PBXBuildFile; fileRef = B2CE7010222633F7006828B9 /* a1.json */; };
		B2CE701322263449006828B9 /* a2.json in Resources */ = {isa = PBXBuildFile; fileRef = B2CE701222263449006828B9 /* a2.json */; };
		B2CE701722263E9A006828B9 /* ScheduleEventViewController.swift in Sources */ = {isa = PBXBuildFile; fileRef = B2CE701622263E99006828B9 /* ScheduleEventViewController.swift */; };
		B2CE701A22269F0C006828B9 /* LoginController.swift in Sources */ = {isa = PBXBuildFile; fileRef = B2CE701822269F0C006828B9 /* LoginController.swift */; };
		B2CE701D2226A230006828B9 /* loading.json in Resources */ = {isa = PBXBuildFile; fileRef = B2CE701C2226A230006828B9 /* loading.json */; };
		B2CE704F22270253006828B9 /* HomeModel.swift in Sources */ = {isa = PBXBuildFile; fileRef = B2CE704E22270253006828B9 /* HomeModel.swift */; };
		B2CE705122270F4D006828B9 /* UserController.swift in Sources */ = {isa = PBXBuildFile; fileRef = B2CE705022270F4D006828B9 /* UserController.swift */; };
		B2CE705322271199006828B9 /* HomeController.swift in Sources */ = {isa = PBXBuildFile; fileRef = B2CE705222271199006828B9 /* HomeController.swift */; };
		B2CE705722271E1E006828B9 /* load.json in Resources */ = {isa = PBXBuildFile; fileRef = B2CE705622271E1E006828B9 /* load.json */; };
		B2E00D3521D2492000FB17FC /* Extensions.swift in Sources */ = {isa = PBXBuildFile; fileRef = B2E00D3421D2492000FB17FC /* Extensions.swift */; };
/* End PBXBuildFile section */

/* Begin PBXFileReference section */
		6F0864822228504B00F5C415 /* PostCollectionViewCell.swift */ = {isa = PBXFileReference; lastKnownFileType = sourcecode.swift; path = PostCollectionViewCell.swift; sourceTree = "<group>"; };
		6F08648B2228A93200F5C415 /* AboutCollectionViewCell.swift */ = {isa = PBXFileReference; lastKnownFileType = sourcecode.swift; path = AboutCollectionViewCell.swift; sourceTree = "<group>"; };
		6F08648D2228A94500F5C415 /* AboutCollectionViewController.swift */ = {isa = PBXFileReference; lastKnownFileType = sourcecode.swift; path = AboutCollectionViewController.swift; sourceTree = "<group>"; };
		6F2E2BF821EE55C60019AD4E /* HomeCell.swift */ = {isa = PBXFileReference; lastKnownFileType = sourcecode.swift; path = HomeCell.swift; sourceTree = "<group>"; };
		6F2E2BFA21EE75AC0019AD4E /* DetailsCell.swift */ = {isa = PBXFileReference; lastKnownFileType = sourcecode.swift; path = DetailsCell.swift; sourceTree = "<group>"; };
		6F5980382227AEE60093FF60 /* ResultsCell.swift */ = {isa = PBXFileReference; fileEncoding = 4; lastKnownFileType = sourcecode.swift; path = ResultsCell.swift; sourceTree = "<group>"; };
		6F59803D2227BCF00093FF60 /* ResultsModel.swift */ = {isa = PBXFileReference; lastKnownFileType = sourcecode.swift; path = ResultsModel.swift; sourceTree = "<group>"; };
		6F59803F2227BD110093FF60 /* ResultsController.swift */ = {isa = PBXFileReference; lastKnownFileType = sourcecode.swift; path = ResultsController.swift; sourceTree = "<group>"; };
		6F5980412227BD2E0093FF60 /* ResultsController.swift */ = {isa = PBXFileReference; lastKnownFileType = sourcecode.swift; path = ResultsController.swift; sourceTree = "<group>"; };
		6F5980432227BD3C0093FF60 /* ResultsCell.swift */ = {isa = PBXFileReference; lastKnownFileType = sourcecode.swift; path = ResultsCell.swift; sourceTree = "<group>"; };
		7A61659F94DD5DCA31B45E54 /* Pods-Revels.debug.xcconfig */ = {isa = PBXFileReference; includeInIndex = 1; lastKnownFileType = text.xcconfig; name = "Pods-Revels.debug.xcconfig"; path = "Pods/Target Support Files/Pods-Revels/Pods-Revels.debug.xcconfig"; sourceTree = "<group>"; };
		AF23DC55C171C0D5D2F15F5E /* Pods_Revels.framework */ = {isa = PBXFileReference; explicitFileType = wrapper.framework; includeInIndex = 0; path = Pods_Revels.framework; sourceTree = BUILT_PRODUCTS_DIR; };
		B218149A220318F600709C27 /* Model.swift */ = {isa = PBXFileReference; lastKnownFileType = sourcecode.swift; path = Model.swift; sourceTree = "<group>"; };
		B23AFC1F21E9D5D200DAF0DD /* EventCell.swift */ = {isa = PBXFileReference; lastKnownFileType = sourcecode.swift; path = EventCell.swift; sourceTree = "<group>"; };
		B23AFC2121EA01E500DAF0DD /* MainTabBarController.swift */ = {isa = PBXFileReference; lastKnownFileType = sourcecode.swift; path = MainTabBarController.swift; sourceTree = "<group>"; };
		B2516B6C22279457008AA097 /* TypeController.swift */ = {isa = PBXFileReference; fileEncoding = 4; lastKnownFileType = sourcecode.swift; path = TypeController.swift; sourceTree = "<group>"; };
		B2516B6D22279457008AA097 /* CategoryController.swift */ = {isa = PBXFileReference; fileEncoding = 4; lastKnownFileType = sourcecode.swift; path = CategoryController.swift; sourceTree = "<group>"; };
		B2516B6E22279457008AA097 /* EventsController.swift */ = {isa = PBXFileReference; fileEncoding = 4; lastKnownFileType = sourcecode.swift; path = EventsController.swift; sourceTree = "<group>"; };
		B2516B7022279457008AA097 /* ModelCategory.swift */ = {isa = PBXFileReference; fileEncoding = 4; lastKnownFileType = sourcecode.swift; path = ModelCategory.swift; sourceTree = "<group>"; };
		B2516B7422279457008AA097 /* EventTableViewCell.swift */ = {isa = PBXFileReference; fileEncoding = 4; lastKnownFileType = sourcecode.swift; path = EventTableViewCell.swift; sourceTree = "<group>"; };
		B2516B7522279457008AA097 /* TypeCell.swift */ = {isa = PBXFileReference; fileEncoding = 4; lastKnownFileType = sourcecode.swift; path = TypeCell.swift; sourceTree = "<group>"; };
		B2516B7622279457008AA097 /* CategoryTableViewCell.swift */ = {isa = PBXFileReference; fileEncoding = 4; lastKnownFileType = sourcecode.swift; path = CategoryTableViewCell.swift; sourceTree = "<group>"; };
		B2516B80222794CF008AA097 /* LoadingOverlay.swift */ = {isa = PBXFileReference; fileEncoding = 4; lastKnownFileType = sourcecode.swift; path = LoadingOverlay.swift; sourceTree = "<group>"; };
		B2516B8422279B65008AA097 /* bubble.json */ = {isa = PBXFileReference; fileEncoding = 4; lastKnownFileType = text.json; path = bubble.json; sourceTree = "<group>"; };
		B2516B862227A04A008AA097 /* MyEventsTableViewController.swift */ = {isa = PBXFileReference; lastKnownFileType = sourcecode.swift; path = MyEventsTableViewController.swift; sourceTree = "<group>"; };
		B264640D21F21A71008A6C3C /* HeaderView.swift */ = {isa = PBXFileReference; fileEncoding = 4; lastKnownFileType = sourcecode.swift; path = HeaderView.swift; sourceTree = "<group>"; };
		B264640F21F21A81008A6C3C /* Extensions+UIView.swift */ = {isa = PBXFileReference; fileEncoding = 4; lastKnownFileType = sourcecode.swift; path = "Extensions+UIView.swift"; sourceTree = "<group>"; };
		B264641121F21B88008A6C3C /* StetchyHeaderLayout.swift */ = {isa = PBXFileReference; fileEncoding = 4; lastKnownFileType = sourcecode.swift; path = StetchyHeaderLayout.swift; sourceTree = "<group>"; };
		B275F70921CA1DFA000491ED /* Revels.app */ = {isa = PBXFileReference; explicitFileType = wrapper.application; includeInIndex = 0; path = Revels.app; sourceTree = BUILT_PRODUCTS_DIR; };
		B275F70C21CA1DFA000491ED /* AppDelegate.swift */ = {isa = PBXFileReference; lastKnownFileType = sourcecode.swift; path = AppDelegate.swift; sourceTree = "<group>"; };
		B275F71321CA1DFB000491ED /* Assets.xcassets */ = {isa = PBXFileReference; lastKnownFileType = folder.assetcatalog; path = Assets.xcassets; sourceTree = "<group>"; };
		B275F71621CA1DFB000491ED /* Base */ = {isa = PBXFileReference; lastKnownFileType = file.storyboard; name = Base; path = Base.lproj/LaunchScreen.storyboard; sourceTree = "<group>"; };
		B275F71821CA1DFB000491ED /* Info.plist */ = {isa = PBXFileReference; lastKnownFileType = text.plist.xml; path = Info.plist; sourceTree = "<group>"; };
		B2C0F93321CB7CE000E4550C /* MainCell.swift */ = {isa = PBXFileReference; fileEncoding = 4; lastKnownFileType = sourcecode.swift; path = MainCell.swift; sourceTree = "<group>"; };
		B2C0F93421CB7CE000E4550C /* MenuCell.swift */ = {isa = PBXFileReference; fileEncoding = 4; lastKnownFileType = sourcecode.swift; path = MenuCell.swift; sourceTree = "<group>"; };
		B2C0F93521CB7CE000E4550C /* MenuController.swift */ = {isa = PBXFileReference; fileEncoding = 4; lastKnownFileType = sourcecode.swift; path = MenuController.swift; sourceTree = "<group>"; };
		B2C0F93721CB7CE100E4550C /* ScheduleController.swift */ = {isa = PBXFileReference; fileEncoding = 4; lastKnownFileType = sourcecode.swift; path = ScheduleController.swift; sourceTree = "<group>"; };
		B2CE700C22261FD4006828B9 /* LoaderTVCell.swift */ = {isa = PBXFileReference; fileEncoding = 4; lastKnownFileType = sourcecode.swift; path = LoaderTVCell.swift; sourceTree = "<group>"; };
		B2CE700E22261FFB006828B9 /* l3.json */ = {isa = PBXFileReference; fileEncoding = 4; lastKnownFileType = text.json; path = l3.json; sourceTree = "<group>"; };
		B2CE7010222633F7006828B9 /* a1.json */ = {isa = PBXFileReference; fileEncoding = 4; lastKnownFileType = text.json; path = a1.json; sourceTree = "<group>"; };
		B2CE701222263449006828B9 /* a2.json */ = {isa = PBXFileReference; fileEncoding = 4; lastKnownFileType = text.json; path = a2.json; sourceTree = "<group>"; };
		B2CE701622263E99006828B9 /* ScheduleEventViewController.swift */ = {isa = PBXFileReference; fileEncoding = 4; lastKnownFileType = sourcecode.swift; path = ScheduleEventViewController.swift; sourceTree = "<group>"; };
		B2CE701822269F0C006828B9 /* LoginController.swift */ = {isa = PBXFileReference; fileEncoding = 4; lastKnownFileType = sourcecode.swift; path = LoginController.swift; sourceTree = "<group>"; };
		B2CE701C2226A230006828B9 /* loading.json */ = {isa = PBXFileReference; fileEncoding = 4; lastKnownFileType = text.json; path = loading.json; sourceTree = "<group>"; };
		B2CE704E22270253006828B9 /* HomeModel.swift */ = {isa = PBXFileReference; lastKnownFileType = sourcecode.swift; path = HomeModel.swift; sourceTree = "<group>"; };
		B2CE705022270F4D006828B9 /* UserController.swift */ = {isa = PBXFileReference; fileEncoding = 4; lastKnownFileType = sourcecode.swift; path = UserController.swift; sourceTree = "<group>"; };
		B2CE705222271199006828B9 /* HomeController.swift */ = {isa = PBXFileReference; fileEncoding = 4; lastKnownFileType = sourcecode.swift; path = HomeController.swift; sourceTree = "<group>"; };
		B2CE705622271E1E006828B9 /* load.json */ = {isa = PBXFileReference; fileEncoding = 4; lastKnownFileType = text.json; path = load.json; sourceTree = "<group>"; };
		B2E00D3421D2492000FB17FC /* Extensions.swift */ = {isa = PBXFileReference; fileEncoding = 4; lastKnownFileType = sourcecode.swift; path = Extensions.swift; sourceTree = "<group>"; };
		EF52AB7B65A4815371E25E37 /* Pods-Revels.release.xcconfig */ = {isa = PBXFileReference; includeInIndex = 1; lastKnownFileType = text.xcconfig; name = "Pods-Revels.release.xcconfig"; path = "Pods/Target Support Files/Pods-Revels/Pods-Revels.release.xcconfig"; sourceTree = "<group>"; };
/* End PBXFileReference section */

/* Begin PBXFrameworksBuildPhase section */
		B275F70621CA1DFA000491ED /* Frameworks */ = {
			isa = PBXFrameworksBuildPhase;
			buildActionMask = 2147483647;
			files = (
				AA6AEBB517B826AB4AD62383 /* Pods_Revels.framework in Frameworks */,
			);
			runOnlyForDeploymentPostprocessing = 0;
		};
/* End PBXFrameworksBuildPhase section */

/* Begin PBXGroup section */
		4EDD3C8E4DAC28730D151393 /* Pods */ = {
			isa = PBXGroup;
			children = (
				7A61659F94DD5DCA31B45E54 /* Pods-Revels.debug.xcconfig */,
				EF52AB7B65A4815371E25E37 /* Pods-Revels.release.xcconfig */,
			);
			name = Pods;
			sourceTree = "<group>";
		};
		6F0864842228505200F5C415 /* Model */ = {
			isa = PBXGroup;
			children = (
				B2CE704E22270253006828B9 /* HomeModel.swift */,
			);
			path = Model;
			sourceTree = "<group>";
		};
		6F0864852228505600F5C415 /* View */ = {
			isa = PBXGroup;
			children = (
				6F2E2BF821EE55C60019AD4E /* HomeCell.swift */,
				6F2E2BFA21EE75AC0019AD4E /* DetailsCell.swift */,
				B264640D21F21A71008A6C3C /* HeaderView.swift */,
				6F0864822228504B00F5C415 /* PostCollectionViewCell.swift */,
			);
			path = View;
			sourceTree = "<group>";
		};
		6F0864862228505A00F5C415 /* Controller */ = {
			isa = PBXGroup;
			children = (
				B2CE705222271199006828B9 /* HomeController.swift */,
			);
			path = Controller;
			sourceTree = "<group>";
		};
		6F086487222889C500F5C415 /* Model */ = {
			isa = PBXGroup;
			children = (
				6F59803D2227BCF00093FF60 /* ResultsModel.swift */,
			);
			name = Model;
			sourceTree = "<group>";
		};
		6F086488222889D400F5C415 /* View */ = {
			isa = PBXGroup;
			children = (
				6F5980432227BD3C0093FF60 /* ResultsCell.swift */,
				6F5980382227AEE60093FF60 /* ResultsCell.swift */,
			);
			name = View;
			sourceTree = "<group>";
		};
		6F086489222889D900F5C415 /* Controller */ = {
			isa = PBXGroup;
			children = (
				6F5980412227BD2E0093FF60 /* ResultsController.swift */,
				6F59803F2227BD110093FF60 /* ResultsController.swift */,
			);
			name = Controller;
			sourceTree = "<group>";
		};
		6F08648A2228A91B00F5C415 /* About Us */ = {
			isa = PBXGroup;
			children = (
				6F08648B2228A93200F5C415 /* AboutCollectionViewCell.swift */,
				6F08648D2228A94500F5C415 /* AboutCollectionViewController.swift */,
			);
			path = "About Us";
			sourceTree = "<group>";
		};
		6F2E2BF521EE54BF0019AD4E /* Home */ = {
			isa = PBXGroup;
			children = (
				6F0864862228505A00F5C415 /* Controller */,
				6F0864852228505600F5C415 /* View */,
				6F0864842228505200F5C415 /* Model */,
				B264641121F21B88008A6C3C /* StetchyHeaderLayout.swift */,
			);
			path = Home;
			sourceTree = "<group>";
		};
		6F2E2C0321EF6A130019AD4E /* Results */ = {
			isa = PBXGroup;
			children = (
				6F086489222889D900F5C415 /* Controller */,
				6F086488222889D400F5C415 /* View */,
				6F086487222889C500F5C415 /* Model */,
			);
			path = Results;
			sourceTree = "<group>";
		};
		B240FEB121ECF4DB00D4D0CD /* SwipeController */ = {
			isa = PBXGroup;
			children = (
				B2C0F93521CB7CE000E4550C /* MenuController.swift */,
				B2C0F93421CB7CE000E4550C /* MenuCell.swift */,
			);
			path = SwipeController;
			sourceTree = "<group>";
		};
		B2516B6A22279457008AA097 /* Events */ = {
			isa = PBXGroup;
			children = (
				B2516B6B22279457008AA097 /* Controller */,
				B2516B6F22279457008AA097 /* Model */,
				B2516B7122279457008AA097 /* View */,
			);
			path = Events;
			sourceTree = "<group>";
		};
		B2516B6B22279457008AA097 /* Controller */ = {
			isa = PBXGroup;
			children = (
				B2516B6C22279457008AA097 /* TypeController.swift */,
				B2516B6D22279457008AA097 /* CategoryController.swift */,
				B2516B6E22279457008AA097 /* EventsController.swift */,
			);
			path = Controller;
			sourceTree = "<group>";
		};
		B2516B6F22279457008AA097 /* Model */ = {
			isa = PBXGroup;
			children = (
				B2516B7022279457008AA097 /* ModelCategory.swift */,
			);
			path = Model;
			sourceTree = "<group>";
		};
		B2516B7122279457008AA097 /* View */ = {
			isa = PBXGroup;
			children = (
				B2516B7422279457008AA097 /* EventTableViewCell.swift */,
				B2516B7522279457008AA097 /* TypeCell.swift */,
				B2516B7622279457008AA097 /* CategoryTableViewCell.swift */,
			);
			path = View;
			sourceTree = "<group>";
		};
		B275F70021CA1DFA000491ED = {
			isa = PBXGroup;
			children = (
				B275F70B21CA1DFA000491ED /* Revels */,
				B275F70A21CA1DFA000491ED /* Products */,
				4EDD3C8E4DAC28730D151393 /* Pods */,
				B2FC9176BCF5271985D6AAE6 /* Frameworks */,
			);
			sourceTree = "<group>";
		};
		B275F70A21CA1DFA000491ED /* Products */ = {
			isa = PBXGroup;
			children = (
				B275F70921CA1DFA000491ED /* Revels.app */,
			);
			name = Products;
			sourceTree = "<group>";
		};
		B275F70B21CA1DFA000491ED /* Revels */ = {
			isa = PBXGroup;
			children = (
				B275F70C21CA1DFA000491ED /* AppDelegate.swift */,
				B23AFC2121EA01E500DAF0DD /* MainTabBarController.swift */,
				B218149A220318F600709C27 /* Model.swift */,
				B2516B80222794CF008AA097 /* LoadingOverlay.swift */,
				6F08648A2228A91B00F5C415 /* About Us */,
				B2CE705822272E51006828B9 /* User */,
				6F2E2BF521EE54BF0019AD4E /* Home */,
				B2C0F93D21CB805F00E4550C /* Schedule */,
				6F2E2C0321EF6A130019AD4E /* Results */,
				B2516B6A22279457008AA097 /* Events */,
				B275F71321CA1DFB000491ED /* Assets.xcassets */,
				B275F71521CA1DFB000491ED /* LaunchScreen.storyboard */,
				B2CE7010222633F7006828B9 /* a1.json */,
				B2CE701222263449006828B9 /* a2.json */,
				B2CE700E22261FFB006828B9 /* l3.json */,
				B2516B8422279B65008AA097 /* bubble.json */,
				B2CE705622271E1E006828B9 /* load.json */,
				B2CE701C2226A230006828B9 /* loading.json */,
				B2E00D3421D2492000FB17FC /* Extensions.swift */,
				B264640F21F21A81008A6C3C /* Extensions+UIView.swift */,
				B275F71821CA1DFB000491ED /* Info.plist */,
			);
			path = Revels;
			sourceTree = "<group>";
		};
		B2C0F93D21CB805F00E4550C /* Schedule */ = {
			isa = PBXGroup;
			children = (
				B2C0F93721CB7CE100E4550C /* ScheduleController.swift */,
				B23AFC1F21E9D5D200DAF0DD /* EventCell.swift */,
				B2CE700C22261FD4006828B9 /* LoaderTVCell.swift */,
				B2CE701622263E99006828B9 /* ScheduleEventViewController.swift */,
				B2C0F93321CB7CE000E4550C /* MainCell.swift */,
				B240FEB121ECF4DB00D4D0CD /* SwipeController */,
			);
			path = Schedule;
			sourceTree = "<group>";
		};
		B2CE705822272E51006828B9 /* User */ = {
			isa = PBXGroup;
			children = (
				B2CE701822269F0C006828B9 /* LoginController.swift */,
				B2CE705022270F4D006828B9 /* UserController.swift */,
				B2516B862227A04A008AA097 /* MyEventsTableViewController.swift */,
			);
			path = User;
			sourceTree = "<group>";
		};
		B2FC9176BCF5271985D6AAE6 /* Frameworks */ = {
			isa = PBXGroup;
			children = (
				AF23DC55C171C0D5D2F15F5E /* Pods_Revels.framework */,
			);
			name = Frameworks;
			sourceTree = "<group>";
		};
/* End PBXGroup section */

/* Begin PBXNativeTarget section */
		B275F70821CA1DFA000491ED /* Revels */ = {
			isa = PBXNativeTarget;
			buildConfigurationList = B275F71B21CA1DFB000491ED /* Build configuration list for PBXNativeTarget "Revels" */;
			buildPhases = (
				63AF9ACD04A3EF5812DBF94B /* [CP] Check Pods Manifest.lock */,
				B275F70521CA1DFA000491ED /* Sources */,
				B275F70621CA1DFA000491ED /* Frameworks */,
				B275F70721CA1DFA000491ED /* Resources */,
				9ABB092D4D221CED936109D6 /* [CP] Embed Pods Frameworks */,
			);
			buildRules = (
			);
			dependencies = (
			);
			name = Revels;
			productName = Revels;
			productReference = B275F70921CA1DFA000491ED /* Revels.app */;
			productType = "com.apple.product-type.application";
		};
/* End PBXNativeTarget section */

/* Begin PBXProject section */
		B275F70121CA1DFA000491ED /* Project object */ = {
			isa = PBXProject;
			attributes = {
				LastSwiftUpdateCheck = 1010;
				LastUpgradeCheck = 1010;
				ORGANIZATIONNAME = "Naman Jain";
				TargetAttributes = {
					B275F70821CA1DFA000491ED = {
						CreatedOnToolsVersion = 10.1;
					};
				};
			};
			buildConfigurationList = B275F70421CA1DFA000491ED /* Build configuration list for PBXProject "Revels" */;
			compatibilityVersion = "Xcode 9.3";
			developmentRegion = en;
			hasScannedForEncodings = 0;
			knownRegions = (
				en,
				Base,
			);
			mainGroup = B275F70021CA1DFA000491ED;
			productRefGroup = B275F70A21CA1DFA000491ED /* Products */;
			projectDirPath = "";
			projectRoot = "";
			targets = (
				B275F70821CA1DFA000491ED /* Revels */,
			);
		};
/* End PBXProject section */

/* Begin PBXResourcesBuildPhase section */
		B275F70721CA1DFA000491ED /* Resources */ = {
			isa = PBXResourcesBuildPhase;
			buildActionMask = 2147483647;
			files = (
				B2CE705722271E1E006828B9 /* load.json in Resources */,
				B2CE7011222633F7006828B9 /* a1.json in Resources */,
				B2CE701D2226A230006828B9 /* loading.json in Resources */,
				B2CE700F22261FFC006828B9 /* l3.json in Resources */,
				B275F71721CA1DFB000491ED /* LaunchScreen.storyboard in Resources */,
				B2CE701322263449006828B9 /* a2.json in Resources */,
				B2516B8522279B65008AA097 /* bubble.json in Resources */,
				B275F71421CA1DFB000491ED /* Assets.xcassets in Resources */,
			);
			runOnlyForDeploymentPostprocessing = 0;
		};
/* End PBXResourcesBuildPhase section */

/* Begin PBXShellScriptBuildPhase section */
		63AF9ACD04A3EF5812DBF94B /* [CP] Check Pods Manifest.lock */ = {
			isa = PBXShellScriptBuildPhase;
			buildActionMask = 2147483647;
			files = (
			);
			inputFileListPaths = (
			);
			inputPaths = (
				"${PODS_PODFILE_DIR_PATH}/Podfile.lock",
				"${PODS_ROOT}/Manifest.lock",
			);
			name = "[CP] Check Pods Manifest.lock";
			outputFileListPaths = (
			);
			outputPaths = (
				"$(DERIVED_FILE_DIR)/Pods-Revels-checkManifestLockResult.txt",
			);
			runOnlyForDeploymentPostprocessing = 0;
			shellPath = /bin/sh;
			shellScript = "diff \"${PODS_PODFILE_DIR_PATH}/Podfile.lock\" \"${PODS_ROOT}/Manifest.lock\" > /dev/null\nif [ $? != 0 ] ; then\n    # print error to STDERR\n    echo \"error: The sandbox is not in sync with the Podfile.lock. Run 'pod install' or update your CocoaPods installation.\" >&2\n    exit 1\nfi\n# This output is used by Xcode 'outputs' to avoid re-running this script phase.\necho \"SUCCESS\" > \"${SCRIPT_OUTPUT_FILE_0}\"\n";
			showEnvVarsInLog = 0;
		};
		9ABB092D4D221CED936109D6 /* [CP] Embed Pods Frameworks */ = {
			isa = PBXShellScriptBuildPhase;
			buildActionMask = 2147483647;
			files = (
			);
			inputFileListPaths = (
			);
			inputPaths = (
				"${SRCROOT}/Pods/Target Support Files/Pods-Revels/Pods-Revels-frameworks.sh",
				"${BUILT_PRODUCTS_DIR}/Alamofire/Alamofire.framework",
				"${BUILT_PRODUCTS_DIR}/DeckTransition/DeckTransition.framework",
				"${BUILT_PRODUCTS_DIR}/SDWebImage/SDWebImage.framework",
				"${BUILT_PRODUCTS_DIR}/lottie-ios/Lottie.framework",
			);
			name = "[CP] Embed Pods Frameworks";
			outputFileListPaths = (
			);
			outputPaths = (
				"${TARGET_BUILD_DIR}/${FRAMEWORKS_FOLDER_PATH}/Alamofire.framework",
				"${TARGET_BUILD_DIR}/${FRAMEWORKS_FOLDER_PATH}/DeckTransition.framework",
				"${TARGET_BUILD_DIR}/${FRAMEWORKS_FOLDER_PATH}/SDWebImage.framework",
				"${TARGET_BUILD_DIR}/${FRAMEWORKS_FOLDER_PATH}/Lottie.framework",
			);
			runOnlyForDeploymentPostprocessing = 0;
			shellPath = /bin/sh;
			shellScript = "\"${SRCROOT}/Pods/Target Support Files/Pods-Revels/Pods-Revels-frameworks.sh\"\n";
			showEnvVarsInLog = 0;
		};
/* End PBXShellScriptBuildPhase section */

/* Begin PBXSourcesBuildPhase section */
		B275F70521CA1DFA000491ED /* Sources */ = {
			isa = PBXSourcesBuildPhase;
			buildActionMask = 2147483647;
			files = (
				B23AFC2021E9D5D200DAF0DD /* EventCell.swift in Sources */,
				B23AFC2221EA01E500DAF0DD /* MainTabBarController.swift in Sources */,
				B264641021F21A81008A6C3C /* Extensions+UIView.swift in Sources */,
				6F2E2BF921EE55C60019AD4E /* HomeCell.swift in Sources */,
				6F59803B2227AEE70093FF60 /* ResultsCell.swift in Sources */,
				6F5980422227BD2E0093FF60 /* ResultsController.swift in Sources */,
				6F5980402227BD110093FF60 /* ResultsController.swift in Sources */,
				B2516B872227A04A008AA097 /* MyEventsTableViewController.swift in Sources */,
				B2C0F93921CB7CE100E4550C /* MenuCell.swift in Sources */,
				B2CE705322271199006828B9 /* HomeController.swift in Sources */,
				B2516B7722279457008AA097 /* TypeController.swift in Sources */,
				B2CE704F22270253006828B9 /* HomeModel.swift in Sources */,
				6F08648E2228A94500F5C415 /* AboutCollectionViewController.swift in Sources */,
				B264641221F21B89008A6C3C /* StetchyHeaderLayout.swift in Sources */,
				B264640E21F21A71008A6C3C /* HeaderView.swift in Sources */,
				B2E00D3521D2492000FB17FC /* Extensions.swift in Sources */,
				B2CE701A22269F0C006828B9 /* LoginController.swift in Sources */,
				B2CE701722263E9A006828B9 /* ScheduleEventViewController.swift in Sources */,
				6F2E2BFB21EE75AC0019AD4E /* DetailsCell.swift in Sources */,
				B2CE705122270F4D006828B9 /* UserController.swift in Sources */,
				B275F70D21CA1DFA000491ED /* AppDelegate.swift in Sources */,
				B2516B81222794CF008AA097 /* LoadingOverlay.swift in Sources */,
				B2C0F93821CB7CE100E4550C /* MainCell.swift in Sources */,
				6F59803E2227BCF00093FF60 /* ResultsModel.swift in Sources */,
				B2CE700D22261FD5006828B9 /* LoaderTVCell.swift in Sources */,
				B218149B220318F600709C27 /* Model.swift in Sources */,
				6F5980442227BD3C0093FF60 /* ResultsCell.swift in Sources */,
				B2516B7D22279457008AA097 /* EventTableViewCell.swift in Sources */,
				B2516B7E22279457008AA097 /* TypeCell.swift in Sources */,
				B2C0F93A21CB7CE100E4550C /* MenuController.swift in Sources */,
				B2516B7A22279457008AA097 /* ModelCategory.swift in Sources */,
				6F0864832228504B00F5C415 /* PostCollectionViewCell.swift in Sources */,
				B2C0F93C21CB7CE100E4550C /* ScheduleController.swift in Sources */,
				B2516B7922279457008AA097 /* EventsController.swift in Sources */,
				B2516B7822279457008AA097 /* CategoryController.swift in Sources */,
				6F08648C2228A93200F5C415 /* AboutCollectionViewCell.swift in Sources */,
				B2516B7F22279457008AA097 /* CategoryTableViewCell.swift in Sources */,
			);
			runOnlyForDeploymentPostprocessing = 0;
		};
/* End PBXSourcesBuildPhase section */

/* Begin PBXVariantGroup section */
		B275F71521CA1DFB000491ED /* LaunchScreen.storyboard */ = {
			isa = PBXVariantGroup;
			children = (
				B275F71621CA1DFB000491ED /* Base */,
			);
			name = LaunchScreen.storyboard;
			sourceTree = "<group>";
		};
/* End PBXVariantGroup section */

/* Begin XCBuildConfiguration section */
		B275F71921CA1DFB000491ED /* Debug */ = {
			isa = XCBuildConfiguration;
			buildSettings = {
				ALWAYS_SEARCH_USER_PATHS = NO;
				CLANG_ANALYZER_NONNULL = YES;
				CLANG_ANALYZER_NUMBER_OBJECT_CONVERSION = YES_AGGRESSIVE;
				CLANG_CXX_LANGUAGE_STANDARD = "gnu++14";
				CLANG_CXX_LIBRARY = "libc++";
				CLANG_ENABLE_MODULES = YES;
				CLANG_ENABLE_OBJC_ARC = YES;
				CLANG_ENABLE_OBJC_WEAK = YES;
				CLANG_WARN_BLOCK_CAPTURE_AUTORELEASING = YES;
				CLANG_WARN_BOOL_CONVERSION = YES;
				CLANG_WARN_COMMA = YES;
				CLANG_WARN_CONSTANT_CONVERSION = YES;
				CLANG_WARN_DEPRECATED_OBJC_IMPLEMENTATIONS = YES;
				CLANG_WARN_DIRECT_OBJC_ISA_USAGE = YES_ERROR;
				CLANG_WARN_DOCUMENTATION_COMMENTS = YES;
				CLANG_WARN_EMPTY_BODY = YES;
				CLANG_WARN_ENUM_CONVERSION = YES;
				CLANG_WARN_INFINITE_RECURSION = YES;
				CLANG_WARN_INT_CONVERSION = YES;
				CLANG_WARN_NON_LITERAL_NULL_CONVERSION = YES;
				CLANG_WARN_OBJC_IMPLICIT_RETAIN_SELF = YES;
				CLANG_WARN_OBJC_LITERAL_CONVERSION = YES;
				CLANG_WARN_OBJC_ROOT_CLASS = YES_ERROR;
				CLANG_WARN_RANGE_LOOP_ANALYSIS = YES;
				CLANG_WARN_STRICT_PROTOTYPES = YES;
				CLANG_WARN_SUSPICIOUS_MOVE = YES;
				CLANG_WARN_UNGUARDED_AVAILABILITY = YES_AGGRESSIVE;
				CLANG_WARN_UNREACHABLE_CODE = YES;
				CLANG_WARN__DUPLICATE_METHOD_MATCH = YES;
				CODE_SIGN_IDENTITY = "iPhone Developer";
				COPY_PHASE_STRIP = NO;
				DEBUG_INFORMATION_FORMAT = dwarf;
				ENABLE_STRICT_OBJC_MSGSEND = YES;
				ENABLE_TESTABILITY = YES;
				GCC_C_LANGUAGE_STANDARD = gnu11;
				GCC_DYNAMIC_NO_PIC = NO;
				GCC_NO_COMMON_BLOCKS = YES;
				GCC_OPTIMIZATION_LEVEL = 0;
				GCC_PREPROCESSOR_DEFINITIONS = (
					"DEBUG=1",
					"$(inherited)",
				);
				GCC_WARN_64_TO_32_BIT_CONVERSION = YES;
				GCC_WARN_ABOUT_RETURN_TYPE = YES_ERROR;
				GCC_WARN_UNDECLARED_SELECTOR = YES;
				GCC_WARN_UNINITIALIZED_AUTOS = YES_AGGRESSIVE;
				GCC_WARN_UNUSED_FUNCTION = YES;
				GCC_WARN_UNUSED_VARIABLE = YES;
				IPHONEOS_DEPLOYMENT_TARGET = 12.1;
				MTL_ENABLE_DEBUG_INFO = INCLUDE_SOURCE;
				MTL_FAST_MATH = YES;
				ONLY_ACTIVE_ARCH = YES;
				SDKROOT = iphoneos;
				SWIFT_ACTIVE_COMPILATION_CONDITIONS = DEBUG;
				SWIFT_OPTIMIZATION_LEVEL = "-Onone";
			};
			name = Debug;
		};
		B275F71A21CA1DFB000491ED /* Release */ = {
			isa = XCBuildConfiguration;
			buildSettings = {
				ALWAYS_SEARCH_USER_PATHS = NO;
				CLANG_ANALYZER_NONNULL = YES;
				CLANG_ANALYZER_NUMBER_OBJECT_CONVERSION = YES_AGGRESSIVE;
				CLANG_CXX_LANGUAGE_STANDARD = "gnu++14";
				CLANG_CXX_LIBRARY = "libc++";
				CLANG_ENABLE_MODULES = YES;
				CLANG_ENABLE_OBJC_ARC = YES;
				CLANG_ENABLE_OBJC_WEAK = YES;
				CLANG_WARN_BLOCK_CAPTURE_AUTORELEASING = YES;
				CLANG_WARN_BOOL_CONVERSION = YES;
				CLANG_WARN_COMMA = YES;
				CLANG_WARN_CONSTANT_CONVERSION = YES;
				CLANG_WARN_DEPRECATED_OBJC_IMPLEMENTATIONS = YES;
				CLANG_WARN_DIRECT_OBJC_ISA_USAGE = YES_ERROR;
				CLANG_WARN_DOCUMENTATION_COMMENTS = YES;
				CLANG_WARN_EMPTY_BODY = YES;
				CLANG_WARN_ENUM_CONVERSION = YES;
				CLANG_WARN_INFINITE_RECURSION = YES;
				CLANG_WARN_INT_CONVERSION = YES;
				CLANG_WARN_NON_LITERAL_NULL_CONVERSION = YES;
				CLANG_WARN_OBJC_IMPLICIT_RETAIN_SELF = YES;
				CLANG_WARN_OBJC_LITERAL_CONVERSION = YES;
				CLANG_WARN_OBJC_ROOT_CLASS = YES_ERROR;
				CLANG_WARN_RANGE_LOOP_ANALYSIS = YES;
				CLANG_WARN_STRICT_PROTOTYPES = YES;
				CLANG_WARN_SUSPICIOUS_MOVE = YES;
				CLANG_WARN_UNGUARDED_AVAILABILITY = YES_AGGRESSIVE;
				CLANG_WARN_UNREACHABLE_CODE = YES;
				CLANG_WARN__DUPLICATE_METHOD_MATCH = YES;
				CODE_SIGN_IDENTITY = "iPhone Developer";
				COPY_PHASE_STRIP = NO;
				DEBUG_INFORMATION_FORMAT = "dwarf-with-dsym";
				ENABLE_NS_ASSERTIONS = NO;
				ENABLE_STRICT_OBJC_MSGSEND = YES;
				GCC_C_LANGUAGE_STANDARD = gnu11;
				GCC_NO_COMMON_BLOCKS = YES;
				GCC_WARN_64_TO_32_BIT_CONVERSION = YES;
				GCC_WARN_ABOUT_RETURN_TYPE = YES_ERROR;
				GCC_WARN_UNDECLARED_SELECTOR = YES;
				GCC_WARN_UNINITIALIZED_AUTOS = YES_AGGRESSIVE;
				GCC_WARN_UNUSED_FUNCTION = YES;
				GCC_WARN_UNUSED_VARIABLE = YES;
				IPHONEOS_DEPLOYMENT_TARGET = 12.1;
				MTL_ENABLE_DEBUG_INFO = NO;
				MTL_FAST_MATH = YES;
				SDKROOT = iphoneos;
				SWIFT_COMPILATION_MODE = wholemodule;
				SWIFT_OPTIMIZATION_LEVEL = "-O";
				VALIDATE_PRODUCT = YES;
			};
			name = Release;
		};
		B275F71C21CA1DFB000491ED /* Debug */ = {
			isa = XCBuildConfiguration;
			baseConfigurationReference = 7A61659F94DD5DCA31B45E54 /* Pods-Revels.debug.xcconfig */;
			buildSettings = {
				ASSETCATALOG_COMPILER_APPICON_NAME = AppIcon;
				CODE_SIGN_STYLE = Automatic;
				DEVELOPMENT_TEAM = J3X688B272;
				INFOPLIST_FILE = Revels/Info.plist;
				IPHONEOS_DEPLOYMENT_TARGET = 11.0;
				LD_RUNPATH_SEARCH_PATHS = (
					"$(inherited)",
					"@executable_path/Frameworks",
				);
				PRODUCT_BUNDLE_IDENTIFIER = com.namajain.Revels;
				PRODUCT_NAME = "$(TARGET_NAME)";
				SWIFT_VERSION = 4.2;
				TARGETED_DEVICE_FAMILY = "1,2";
			};
			name = Debug;
		};
		B275F71D21CA1DFB000491ED /* Release */ = {
			isa = XCBuildConfiguration;
			baseConfigurationReference = EF52AB7B65A4815371E25E37 /* Pods-Revels.release.xcconfig */;
			buildSettings = {
				ASSETCATALOG_COMPILER_APPICON_NAME = AppIcon;
				CODE_SIGN_STYLE = Automatic;
				DEVELOPMENT_TEAM = J3X688B272;
				INFOPLIST_FILE = Revels/Info.plist;
				IPHONEOS_DEPLOYMENT_TARGET = 11.0;
				LD_RUNPATH_SEARCH_PATHS = (
					"$(inherited)",
					"@executable_path/Frameworks",
				);
				PRODUCT_BUNDLE_IDENTIFIER = com.namajain.Revels;
				PRODUCT_NAME = "$(TARGET_NAME)";
				SWIFT_VERSION = 4.2;
				TARGETED_DEVICE_FAMILY = "1,2";
			};
			name = Release;
		};
/* End XCBuildConfiguration section */

/* Begin XCConfigurationList section */
		B275F70421CA1DFA000491ED /* Build configuration list for PBXProject "Revels" */ = {
			isa = XCConfigurationList;
			buildConfigurations = (
				B275F71921CA1DFB000491ED /* Debug */,
				B275F71A21CA1DFB000491ED /* Release */,
			);
			defaultConfigurationIsVisible = 0;
			defaultConfigurationName = Release;
		};
		B275F71B21CA1DFB000491ED /* Build configuration list for PBXNativeTarget "Revels" */ = {
			isa = XCConfigurationList;
			buildConfigurations = (
				B275F71C21CA1DFB000491ED /* Debug */,
				B275F71D21CA1DFB000491ED /* Release */,
			);
			defaultConfigurationIsVisible = 0;
			defaultConfigurationName = Release;
		};
/* End XCConfigurationList section */
	};
	rootObject = B275F70121CA1DFA000491ED /* Project object */;
}
